
Microsoft Visual Studio Solution File, Format Version 12.00
# Visual Studio Version 17
VisualStudioVersion = 17.0.31903.59
MinimumVisualStudioVersion = 10.0.40219.1
Project("{2150E333-8FDC-42A3-9474-1A3956D46DE8}") = "src", "src", "{827E0CD3-B72D-47B6-A68D-7590B98EB39B}"
EndProject
Project("{2150E333-8FDC-42A3-9474-1A3956D46DE8}") = "Web", "Web", "{03997797-E7F5-0643-168D-B8EA7178C2FE}"
EndProject
Project("{FAE04EC0-301F-11D3-BF4B-00C04F79EFBC}") = "MediView.Web", "src\Web\MediView.Web\MediView.Web.csproj", "{26B525A5-65A5-4300-B6BC-A27D479305EC}"
EndProject
Project("{2150E333-8FDC-42A3-9474-1A3956D46DE8}") = "Services", "Services", "{984BB9B3-3FA3-BE33-9484-CAC21695A33C}"
EndProject
Project("{2150E333-8FDC-42A3-9474-1A3956D46DE8}") = "Reporting", "Reporting", "{061E9ED9-C396-AD7E-8FB1-7566F161CAA5}"
EndProject
Project("{FAE04EC0-301F-11D3-BF4B-00C04F79EFBC}") = "MediView.Reporting.Api", "src\Services\Reporting\MediView.Reporting.Api\MediView.Reporting.Api.csproj", "{69268485-1226-496B-AEFA-40E646BB65C7}"
EndProject
Project("{FAE04EC0-301F-11D3-BF4B-00C04F79EFBC}") = "MediView.Reporting.Infrastructure", "src\Services\Reporting\MediView.Reporting.Infrastructure\MediView.Reporting.Infrastructure.csproj", "{E7F251DA-D4D1-43AF-B985-DD375F6D625F}"
EndProject
Project("{FAE04EC0-301F-11D3-BF4B-00C04F79EFBC}") = "MediView.Reporting.Application", "src\Services\Reporting\MediView.Reporting.Application\MediView.Reporting.Application.csproj", "{40B4A739-ABE5-49A5-8F14-F7AC11A2783B}"
EndProject
Project("{FAE04EC0-301F-11D3-BF4B-00C04F79EFBC}") = "MediView.Reporting.Domain", "src\Services\Reporting\MediView.Reporting.Domain\MediView.Reporting.Domain.csproj", "{58C12370-5ADF-486B-AF1E-3D869305C93E}"
EndProject
Project("{2150E333-8FDC-42A3-9474-1A3956D46DE8}") = "Identity", "Identity", "{1BFC9479-12BF-35C3-06B8-42D89D95092B}"
EndProject
Project("{FAE04EC0-301F-11D3-BF4B-00C04F79EFBC}") = "MediView.Identity.Application", "src\Services\Identity\MediView.Identity.Application\MediView.Identity.Application.csproj", "{AA1BA3BA-5E43-4C51-952B-DF56CA142B7E}"
EndProject
Project("{FAE04EC0-301F-11D3-BF4B-00C04F79EFBC}") = "MediView.Identity.Domain", "src\Services\Identity\MediView.Identity.Domain\MediView.Identity.Domain.csproj", "{4DFBB710-6DB9-4D65-BA5C-B9136DE51B05}"
EndProject
Project("{FAE04EC0-301F-11D3-BF4B-00C04F79EFBC}") = "MediView.Identity.Infrastructure", "src\Services\Identity\MediView.Identity.Infrastructure\MediView.Identity.Infrastructure.csproj", "{581906AA-F0E7-48A9-871A-A5C19141D1ED}"
EndProject
Project("{FAE04EC0-301F-11D3-BF4B-00C04F79EFBC}") = "MediView.Identity.Api", "src\Services\Identity\MediView.Identity.Api\MediView.Identity.Api.csproj", "{E8F32AEF-9A63-4AA1-B3A8-DA18EFCCF712}"
EndProject
Project("{2150E333-8FDC-42A3-9474-1A3956D46DE8}") = "Studies", "Studies", "{2D55B836-6ADD-8981-BD7A-6DE250A59B0C}"
EndProject
Project("{FAE04EC0-301F-11D3-BF4B-00C04F79EFBC}") = "MediView.Studies.Api", "src\Services\Studies\MediView.Studies.Api\MediView.Studies.Api.csproj", "{EB7D709C-CA92-4A54-8F69-866125510D47}"
EndProject
Project("{FAE04EC0-301F-11D3-BF4B-00C04F79EFBC}") = "MediView.Studies.Infrastructure", "src\Services\Studies\MediView.Studies.Infrastructure\MediView.Studies.Infrastructure.csproj", "{E30294EC-1285-4BAE-B1CC-FC7602FE6E73}"
EndProject
Project("{FAE04EC0-301F-11D3-BF4B-00C04F79EFBC}") = "MediView.Studies.Application", "src\Services\Studies\MediView.Studies.Application\MediView.Studies.Application.csproj", "{3CD56BEC-3B25-4CBE-B477-FB515FB5BCF6}"
EndProject
Project("{FAE04EC0-301F-11D3-BF4B-00C04F79EFBC}") = "MediView.Studies.Domain", "src\Services\Studies\MediView.Studies.Domain\MediView.Studies.Domain.csproj", "{6D53DD92-2209-4A08-9CAB-A85A8FD082AE}"
EndProject
Project("{2150E333-8FDC-42A3-9474-1A3956D46DE8}") = "Imaging", "Imaging", "{1B799D24-4E0C-B36D-7272-5CBA419C5D60}"
EndProject
Project("{FAE04EC0-301F-11D3-BF4B-00C04F79EFBC}") = "MediView.Imaging.Infrastructure", "src\Services\Imaging\MediView.Imaging.Infrastructure\MediView.Imaging.Infrastructure.csproj", "{0342BEC3-FD0F-4D20-94EC-5897C1AE0DD4}"
EndProject
Project("{FAE04EC0-301F-11D3-BF4B-00C04F79EFBC}") = "MediView.Imaging.Application", "src\Services\Imaging\MediView.Imaging.Application\MediView.Imaging.Application.csproj", "{98B75779-1D2C-4EDE-9D72-07FAB088774C}"
EndProject
Project("{FAE04EC0-301F-11D3-BF4B-00C04F79EFBC}") = "MediView.Imaging.Domain", "src\Services\Imaging\MediView.Imaging.Domain\MediView.Imaging.Domain.csproj", "{2B35B647-A326-4B98-B5DE-F914DECA3AAF}"
EndProject
Project("{FAE04EC0-301F-11D3-BF4B-00C04F79EFBC}") = "MediView.Imaging.Api", "src\Services\Imaging\MediView.Imaging.Api\MediView.Imaging.Api.csproj", "{7BCC0B2E-CEB2-4D06-A7C6-E371212241C0}"
EndProject
Project("{2150E333-8FDC-42A3-9474-1A3956D46DE8}") = "Gateway", "Gateway", "{6306A8FB-679E-111F-6585-8F70E0EE6013}"
EndProject
Project("{FAE04EC0-301F-11D3-BF4B-00C04F79EFBC}") = "MediView.Gateway", "src\Gateway\MediView.Gateway\MediView.Gateway.csproj", "{0056FBED-FF2A-419E-B05A-1628EF700B70}"
EndProject
Project("{2150E333-8FDC-42A3-9474-1A3956D46DE8}") = "BuildingBlocks", "BuildingBlocks", "{90298CBA-BD6F-3A0A-69D5-97CAD7B05E7E}"
EndProject
Project("{FAE04EC0-301F-11D3-BF4B-00C04F79EFBC}") = "MediView.BuildingBlocks.Api", "src\BuildingBlocks\MediView.BuildingBlocks.Api\MediView.BuildingBlocks.Api.csproj", "{56C34D74-3412-4A2C-8992-713EC29017B9}"
EndProject
Project("{2150E333-8FDC-42A3-9474-1A3956D46DE8}") = "tests", "tests", "{0AB3BF05-4346-4AA6-1389-037BE0695223}"
EndProject
Project("{FAE04EC0-301F-11D3-BF4B-00C04F79EFBC}") = "MediView.BuildingBlocks.Application.Tests", "tests\MediView.BuildingBlocks.Application.Tests\MediView.BuildingBlocks.Application.Tests.csproj", "{3C614DF2-0581-444F-9005-B42AF2D09F5A}"
EndProject
Project("{FAE04EC0-301F-11D3-BF4B-00C04F79EFBC}") = "MediView.BuildingBlocks.Application", "src\BuildingBlocks\MediView.BuildingBlocks.Application\MediView.BuildingBlocks.Application.csproj", "{F6F55E38-9C89-40B3-B9F9-ABFB4CD12ACA}"
EndProject
Project("{FAE04EC0-301F-11D3-BF4B-00C04F79EFBC}") = "MediView.BuildingBlocks.Domain.Tests", "tests\MediView.BuildingBlocks.Domain.Tests\MediView.BuildingBlocks.Domain.Tests.csproj", "{2A538DD2-9B0E-4E51-A25B-976B1045B372}"
EndProject
Project("{FAE04EC0-301F-11D3-BF4B-00C04F79EFBC}") = "MediView.BuildingBlocks.Domain", "src\BuildingBlocks\MediView.BuildingBlocks.Domain\MediView.BuildingBlocks.Domain.csproj", "{41E2DDBB-CFFC-45C5-941D-F3A6775CB263}"
EndProject
Project("{FAE04EC0-301F-11D3-BF4B-00C04F79EFBC}") = "MediView.BuildingBlocks.Api.Tests", "tests\MediView.BuildingBlocks.Api.Tests\MediView.BuildingBlocks.Api.Tests.csproj", "{3DE29A8E-2674-4ACB-AD7D-ABC1A041F241}"
EndProject
Global
	GlobalSection(SolutionConfigurationPlatforms) = preSolution
		Debug|Any CPU = Debug|Any CPU
		Debug|x64 = Debug|x64
		Debug|x86 = Debug|x86
		Release|Any CPU = Release|Any CPU
		Release|x64 = Release|x64
		Release|x86 = Release|x86
	EndGlobalSection
	GlobalSection(ProjectConfigurationPlatforms) = postSolution
		{26B525A5-65A5-4300-B6BC-A27D479305EC}.Debug|Any CPU.ActiveCfg = Debug|Any CPU
		{26B525A5-65A5-4300-B6BC-A27D479305EC}.Debug|Any CPU.Build.0 = Debug|Any CPU
		{26B525A5-65A5-4300-B6BC-A27D479305EC}.Debug|x64.ActiveCfg = Debug|Any CPU
		{26B525A5-65A5-4300-B6BC-A27D479305EC}.Debug|x64.Build.0 = Debug|Any CPU
		{26B525A5-65A5-4300-B6BC-A27D479305EC}.Debug|x86.ActiveCfg = Debug|Any CPU
		{26B525A5-65A5-4300-B6BC-A27D479305EC}.Debug|x86.Build.0 = Debug|Any CPU
		{26B525A5-65A5-4300-B6BC-A27D479305EC}.Release|Any CPU.ActiveCfg = Release|Any CPU
		{26B525A5-65A5-4300-B6BC-A27D479305EC}.Release|Any CPU.Build.0 = Release|Any CPU
		{26B525A5-65A5-4300-B6BC-A27D479305EC}.Release|x64.ActiveCfg = Release|Any CPU
		{26B525A5-65A5-4300-B6BC-A27D479305EC}.Release|x64.Build.0 = Release|Any CPU
		{26B525A5-65A5-4300-B6BC-A27D479305EC}.Release|x86.ActiveCfg = Release|Any CPU
		{26B525A5-65A5-4300-B6BC-A27D479305EC}.Release|x86.Build.0 = Release|Any CPU
		{69268485-1226-496B-AEFA-40E646BB65C7}.Debug|Any CPU.ActiveCfg = Debug|Any CPU
		{69268485-1226-496B-AEFA-40E646BB65C7}.Debug|Any CPU.Build.0 = Debug|Any CPU
		{69268485-1226-496B-AEFA-40E646BB65C7}.Debug|x64.ActiveCfg = Debug|Any CPU
		{69268485-1226-496B-AEFA-40E646BB65C7}.Debug|x64.Build.0 = Debug|Any CPU
		{69268485-1226-496B-AEFA-40E646BB65C7}.Debug|x86.ActiveCfg = Debug|Any CPU
		{69268485-1226-496B-AEFA-40E646BB65C7}.Debug|x86.Build.0 = Debug|Any CPU
		{69268485-1226-496B-AEFA-40E646BB65C7}.Release|Any CPU.ActiveCfg = Release|Any CPU
		{69268485-1226-496B-AEFA-40E646BB65C7}.Release|Any CPU.Build.0 = Release|Any CPU
		{69268485-1226-496B-AEFA-40E646BB65C7}.Release|x64.ActiveCfg = Release|Any CPU
		{69268485-1226-496B-AEFA-40E646BB65C7}.Release|x64.Build.0 = Release|Any CPU
		{69268485-1226-496B-AEFA-40E646BB65C7}.Release|x86.ActiveCfg = Release|Any CPU
		{69268485-1226-496B-AEFA-40E646BB65C7}.Release|x86.Build.0 = Release|Any CPU
		{E7F251DA-D4D1-43AF-B985-DD375F6D625F}.Debug|Any CPU.ActiveCfg = Debug|Any CPU
		{E7F251DA-D4D1-43AF-B985-DD375F6D625F}.Debug|Any CPU.Build.0 = Debug|Any CPU
		{E7F251DA-D4D1-43AF-B985-DD375F6D625F}.Debug|x64.ActiveCfg = Debug|Any CPU
		{E7F251DA-D4D1-43AF-B985-DD375F6D625F}.Debug|x64.Build.0 = Debug|Any CPU
		{E7F251DA-D4D1-43AF-B985-DD375F6D625F}.Debug|x86.ActiveCfg = Debug|Any CPU
		{E7F251DA-D4D1-43AF-B985-DD375F6D625F}.Debug|x86.Build.0 = Debug|Any CPU
		{E7F251DA-D4D1-43AF-B985-DD375F6D625F}.Release|Any CPU.ActiveCfg = Release|Any CPU
		{E7F251DA-D4D1-43AF-B985-DD375F6D625F}.Release|Any CPU.Build.0 = Release|Any CPU
		{E7F251DA-D4D1-43AF-B985-DD375F6D625F}.Release|x64.ActiveCfg = Release|Any CPU
		{E7F251DA-D4D1-43AF-B985-DD375F6D625F}.Release|x64.Build.0 = Release|Any CPU
		{E7F251DA-D4D1-43AF-B985-DD375F6D625F}.Release|x86.ActiveCfg = Release|Any CPU
		{E7F251DA-D4D1-43AF-B985-DD375F6D625F}.Release|x86.Build.0 = Release|Any CPU
		{40B4A739-ABE5-49A5-8F14-F7AC11A2783B}.Debug|Any CPU.ActiveCfg = Debug|Any CPU
		{40B4A739-ABE5-49A5-8F14-F7AC11A2783B}.Debug|Any CPU.Build.0 = Debug|Any CPU
		{40B4A739-ABE5-49A5-8F14-F7AC11A2783B}.Debug|x64.ActiveCfg = Debug|Any CPU
		{40B4A739-ABE5-49A5-8F14-F7AC11A2783B}.Debug|x64.Build.0 = Debug|Any CPU
		{40B4A739-ABE5-49A5-8F14-F7AC11A2783B}.Debug|x86.ActiveCfg = Debug|Any CPU
		{40B4A739-ABE5-49A5-8F14-F7AC11A2783B}.Debug|x86.Build.0 = Debug|Any CPU
		{40B4A739-ABE5-49A5-8F14-F7AC11A2783B}.Release|Any CPU.ActiveCfg = Release|Any CPU
		{40B4A739-ABE5-49A5-8F14-F7AC11A2783B}.Release|Any CPU.Build.0 = Release|Any CPU
		{40B4A739-ABE5-49A5-8F14-F7AC11A2783B}.Release|x64.ActiveCfg = Release|Any CPU
		{40B4A739-ABE5-49A5-8F14-F7AC11A2783B}.Release|x64.Build.0 = Release|Any CPU
		{40B4A739-ABE5-49A5-8F14-F7AC11A2783B}.Release|x86.ActiveCfg = Release|Any CPU
		{40B4A739-ABE5-49A5-8F14-F7AC11A2783B}.Release|x86.Build.0 = Release|Any CPU
		{58C12370-5ADF-486B-AF1E-3D869305C93E}.Debug|Any CPU.ActiveCfg = Debug|Any CPU
		{58C12370-5ADF-486B-AF1E-3D869305C93E}.Debug|Any CPU.Build.0 = Debug|Any CPU
		{58C12370-5ADF-486B-AF1E-3D869305C93E}.Debug|x64.ActiveCfg = Debug|Any CPU
		{58C12370-5ADF-486B-AF1E-3D869305C93E}.Debug|x64.Build.0 = Debug|Any CPU
		{58C12370-5ADF-486B-AF1E-3D869305C93E}.Debug|x86.ActiveCfg = Debug|Any CPU
		{58C12370-5ADF-486B-AF1E-3D869305C93E}.Debug|x86.Build.0 = Debug|Any CPU
		{58C12370-5ADF-486B-AF1E-3D869305C93E}.Release|Any CPU.ActiveCfg = Release|Any CPU
		{58C12370-5ADF-486B-AF1E-3D869305C93E}.Release|Any CPU.Build.0 = Release|Any CPU
		{58C12370-5ADF-486B-AF1E-3D869305C93E}.Release|x64.ActiveCfg = Release|Any CPU
		{58C12370-5ADF-486B-AF1E-3D869305C93E}.Release|x64.Build.0 = Release|Any CPU
		{58C12370-5ADF-486B-AF1E-3D869305C93E}.Release|x86.ActiveCfg = Release|Any CPU
		{58C12370-5ADF-486B-AF1E-3D869305C93E}.Release|x86.Build.0 = Release|Any CPU
		{AA1BA3BA-5E43-4C51-952B-DF56CA142B7E}.Debug|Any CPU.ActiveCfg = Debug|Any CPU
		{AA1BA3BA-5E43-4C51-952B-DF56CA142B7E}.Debug|Any CPU.Build.0 = Debug|Any CPU
		{AA1BA3BA-5E43-4C51-952B-DF56CA142B7E}.Debug|x64.ActiveCfg = Debug|Any CPU
		{AA1BA3BA-5E43-4C51-952B-DF56CA142B7E}.Debug|x64.Build.0 = Debug|Any CPU
		{AA1BA3BA-5E43-4C51-952B-DF56CA142B7E}.Debug|x86.ActiveCfg = Debug|Any CPU
		{AA1BA3BA-5E43-4C51-952B-DF56CA142B7E}.Debug|x86.Build.0 = Debug|Any CPU
		{AA1BA3BA-5E43-4C51-952B-DF56CA142B7E}.Release|Any CPU.ActiveCfg = Release|Any CPU
		{AA1BA3BA-5E43-4C51-952B-DF56CA142B7E}.Release|Any CPU.Build.0 = Release|Any CPU
		{AA1BA3BA-5E43-4C51-952B-DF56CA142B7E}.Release|x64.ActiveCfg = Release|Any CPU
		{AA1BA3BA-5E43-4C51-952B-DF56CA142B7E}.Release|x64.Build.0 = Release|Any CPU
		{AA1BA3BA-5E43-4C51-952B-DF56CA142B7E}.Release|x86.ActiveCfg = Release|Any CPU
		{AA1BA3BA-5E43-4C51-952B-DF56CA142B7E}.Release|x86.Build.0 = Release|Any CPU
		{4DFBB710-6DB9-4D65-BA5C-B9136DE51B05}.Debug|Any CPU.ActiveCfg = Debug|Any CPU
		{4DFBB710-6DB9-4D65-BA5C-B9136DE51B05}.Debug|Any CPU.Build.0 = Debug|Any CPU
		{4DFBB710-6DB9-4D65-BA5C-B9136DE51B05}.Debug|x64.ActiveCfg = Debug|Any CPU
		{4DFBB710-6DB9-4D65-BA5C-B9136DE51B05}.Debug|x64.Build.0 = Debug|Any CPU
		{4DFBB710-6DB9-4D65-BA5C-B9136DE51B05}.Debug|x86.ActiveCfg = Debug|Any CPU
		{4DFBB710-6DB9-4D65-BA5C-B9136DE51B05}.Debug|x86.Build.0 = Debug|Any CPU
		{4DFBB710-6DB9-4D65-BA5C-B9136DE51B05}.Release|Any CPU.ActiveCfg = Release|Any CPU
		{4DFBB710-6DB9-4D65-BA5C-B9136DE51B05}.Release|Any CPU.Build.0 = Release|Any CPU
		{4DFBB710-6DB9-4D65-BA5C-B9136DE51B05}.Release|x64.ActiveCfg = Release|Any CPU
		{4DFBB710-6DB9-4D65-BA5C-B9136DE51B05}.Release|x64.Build.0 = Release|Any CPU
		{4DFBB710-6DB9-4D65-BA5C-B9136DE51B05}.Release|x86.ActiveCfg = Release|Any CPU
		{4DFBB710-6DB9-4D65-BA5C-B9136DE51B05}.Release|x86.Build.0 = Release|Any CPU
		{581906AA-F0E7-48A9-871A-A5C19141D1ED}.Debug|Any CPU.ActiveCfg = Debug|Any CPU
		{581906AA-F0E7-48A9-871A-A5C19141D1ED}.Debug|Any CPU.Build.0 = Debug|Any CPU
		{581906AA-F0E7-48A9-871A-A5C19141D1ED}.Debug|x64.ActiveCfg = Debug|Any CPU
		{581906AA-F0E7-48A9-871A-A5C19141D1ED}.Debug|x64.Build.0 = Debug|Any CPU
		{581906AA-F0E7-48A9-871A-A5C19141D1ED}.Debug|x86.ActiveCfg = Debug|Any CPU
		{581906AA-F0E7-48A9-871A-A5C19141D1ED}.Debug|x86.Build.0 = Debug|Any CPU
		{581906AA-F0E7-48A9-871A-A5C19141D1ED}.Release|Any CPU.ActiveCfg = Release|Any CPU
		{581906AA-F0E7-48A9-871A-A5C19141D1ED}.Release|Any CPU.Build.0 = Release|Any CPU
		{581906AA-F0E7-48A9-871A-A5C19141D1ED}.Release|x64.ActiveCfg = Release|Any CPU
		{581906AA-F0E7-48A9-871A-A5C19141D1ED}.Release|x64.Build.0 = Release|Any CPU
		{581906AA-F0E7-48A9-871A-A5C19141D1ED}.Release|x86.ActiveCfg = Release|Any CPU
		{581906AA-F0E7-48A9-871A-A5C19141D1ED}.Release|x86.Build.0 = Release|Any CPU
		{E8F32AEF-9A63-4AA1-B3A8-DA18EFCCF712}.Debug|Any CPU.ActiveCfg = Debug|Any CPU
		{E8F32AEF-9A63-4AA1-B3A8-DA18EFCCF712}.Debug|Any CPU.Build.0 = Debug|Any CPU
		{E8F32AEF-9A63-4AA1-B3A8-DA18EFCCF712}.Debug|x64.ActiveCfg = Debug|Any CPU
		{E8F32AEF-9A63-4AA1-B3A8-DA18EFCCF712}.Debug|x64.Build.0 = Debug|Any CPU
		{E8F32AEF-9A63-4AA1-B3A8-DA18EFCCF712}.Debug|x86.ActiveCfg = Debug|Any CPU
		{E8F32AEF-9A63-4AA1-B3A8-DA18EFCCF712}.Debug|x86.Build.0 = Debug|Any CPU
		{E8F32AEF-9A63-4AA1-B3A8-DA18EFCCF712}.Release|Any CPU.ActiveCfg = Release|Any CPU
		{E8F32AEF-9A63-4AA1-B3A8-DA18EFCCF712}.Release|Any CPU.Build.0 = Release|Any CPU
		{E8F32AEF-9A63-4AA1-B3A8-DA18EFCCF712}.Release|x64.ActiveCfg = Release|Any CPU
		{E8F32AEF-9A63-4AA1-B3A8-DA18EFCCF712}.Release|x64.Build.0 = Release|Any CPU
		{E8F32AEF-9A63-4AA1-B3A8-DA18EFCCF712}.Release|x86.ActiveCfg = Release|Any CPU
		{E8F32AEF-9A63-4AA1-B3A8-DA18EFCCF712}.Release|x86.Build.0 = Release|Any CPU
		{EB7D709C-CA92-4A54-8F69-866125510D47}.Debug|Any CPU.ActiveCfg = Debug|Any CPU
		{EB7D709C-CA92-4A54-8F69-866125510D47}.Debug|Any CPU.Build.0 = Debug|Any CPU
		{EB7D709C-CA92-4A54-8F69-866125510D47}.Debug|x64.ActiveCfg = Debug|Any CPU
		{EB7D709C-CA92-4A54-8F69-866125510D47}.Debug|x64.Build.0 = Debug|Any CPU
		{EB7D709C-CA92-4A54-8F69-866125510D47}.Debug|x86.ActiveCfg = Debug|Any CPU
		{EB7D709C-CA92-4A54-8F69-866125510D47}.Debug|x86.Build.0 = Debug|Any CPU
		{EB7D709C-CA92-4A54-8F69-866125510D47}.Release|Any CPU.ActiveCfg = Release|Any CPU
		{EB7D709C-CA92-4A54-8F69-866125510D47}.Release|Any CPU.Build.0 = Release|Any CPU
		{EB7D709C-CA92-4A54-8F69-866125510D47}.Release|x64.ActiveCfg = Release|Any CPU
		{EB7D709C-CA92-4A54-8F69-866125510D47}.Release|x64.Build.0 = Release|Any CPU
		{EB7D709C-CA92-4A54-8F69-866125510D47}.Release|x86.ActiveCfg = Release|Any CPU
		{EB7D709C-CA92-4A54-8F69-866125510D47}.Release|x86.Build.0 = Release|Any CPU
		{E30294EC-1285-4BAE-B1CC-FC7602FE6E73}.Debug|Any CPU.ActiveCfg = Debug|Any CPU
		{E30294EC-1285-4BAE-B1CC-FC7602FE6E73}.Debug|Any CPU.Build.0 = Debug|Any CPU
		{E30294EC-1285-4BAE-B1CC-FC7602FE6E73}.Debug|x64.ActiveCfg = Debug|Any CPU
		{E30294EC-1285-4BAE-B1CC-FC7602FE6E73}.Debug|x64.Build.0 = Debug|Any CPU
		{E30294EC-1285-4BAE-B1CC-FC7602FE6E73}.Debug|x86.ActiveCfg = Debug|Any CPU
		{E30294EC-1285-4BAE-B1CC-FC7602FE6E73}.Debug|x86.Build.0 = Debug|Any CPU
		{E30294EC-1285-4BAE-B1CC-FC7602FE6E73}.Release|Any CPU.ActiveCfg = Release|Any CPU
		{E30294EC-1285-4BAE-B1CC-FC7602FE6E73}.Release|Any CPU.Build.0 = Release|Any CPU
		{E30294EC-1285-4BAE-B1CC-FC7602FE6E73}.Release|x64.ActiveCfg = Release|Any CPU
		{E30294EC-1285-4BAE-B1CC-FC7602FE6E73}.Release|x64.Build.0 = Release|Any CPU
		{E30294EC-1285-4BAE-B1CC-FC7602FE6E73}.Release|x86.ActiveCfg = Release|Any CPU
		{E30294EC-1285-4BAE-B1CC-FC7602FE6E73}.Release|x86.Build.0 = Release|Any CPU
		{3CD56BEC-3B25-4CBE-B477-FB515FB5BCF6}.Debug|Any CPU.ActiveCfg = Debug|Any CPU
		{3CD56BEC-3B25-4CBE-B477-FB515FB5BCF6}.Debug|Any CPU.Build.0 = Debug|Any CPU
		{3CD56BEC-3B25-4CBE-B477-FB515FB5BCF6}.Debug|x64.ActiveCfg = Debug|Any CPU
		{3CD56BEC-3B25-4CBE-B477-FB515FB5BCF6}.Debug|x64.Build.0 = Debug|Any CPU
		{3CD56BEC-3B25-4CBE-B477-FB515FB5BCF6}.Debug|x86.ActiveCfg = Debug|Any CPU
		{3CD56BEC-3B25-4CBE-B477-FB515FB5BCF6}.Debug|x86.Build.0 = Debug|Any CPU
		{3CD56BEC-3B25-4CBE-B477-FB515FB5BCF6}.Release|Any CPU.ActiveCfg = Release|Any CPU
		{3CD56BEC-3B25-4CBE-B477-FB515FB5BCF6}.Release|Any CPU.Build.0 = Release|Any CPU
		{3CD56BEC-3B25-4CBE-B477-FB515FB5BCF6}.Release|x64.ActiveCfg = Release|Any CPU
		{3CD56BEC-3B25-4CBE-B477-FB515FB5BCF6}.Release|x64.Build.0 = Release|Any CPU
		{3CD56BEC-3B25-4CBE-B477-FB515FB5BCF6}.Release|x86.ActiveCfg = Release|Any CPU
		{3CD56BEC-3B25-4CBE-B477-FB515FB5BCF6}.Release|x86.Build.0 = Release|Any CPU
		{6D53DD92-2209-4A08-9CAB-A85A8FD082AE}.Debug|Any CPU.ActiveCfg = Debug|Any CPU
		{6D53DD92-2209-4A08-9CAB-A85A8FD082AE}.Debug|Any CPU.Build.0 = Debug|Any CPU
		{6D53DD92-2209-4A08-9CAB-A85A8FD082AE}.Debug|x64.ActiveCfg = Debug|Any CPU
		{6D53DD92-2209-4A08-9CAB-A85A8FD082AE}.Debug|x64.Build.0 = Debug|Any CPU
		{6D53DD92-2209-4A08-9CAB-A85A8FD082AE}.Debug|x86.ActiveCfg = Debug|Any CPU
		{6D53DD92-2209-4A08-9CAB-A85A8FD082AE}.Debug|x86.Build.0 = Debug|Any CPU
		{6D53DD92-2209-4A08-9CAB-A85A8FD082AE}.Release|Any CPU.ActiveCfg = Release|Any CPU
		{6D53DD92-2209-4A08-9CAB-A85A8FD082AE}.Release|Any CPU.Build.0 = Release|Any CPU
		{6D53DD92-2209-4A08-9CAB-A85A8FD082AE}.Release|x64.ActiveCfg = Release|Any CPU
		{6D53DD92-2209-4A08-9CAB-A85A8FD082AE}.Release|x64.Build.0 = Release|Any CPU
		{6D53DD92-2209-4A08-9CAB-A85A8FD082AE}.Release|x86.ActiveCfg = Release|Any CPU
		{6D53DD92-2209-4A08-9CAB-A85A8FD082AE}.Release|x86.Build.0 = Release|Any CPU
		{0342BEC3-FD0F-4D20-94EC-5897C1AE0DD4}.Debug|Any CPU.ActiveCfg = Debug|Any CPU
		{0342BEC3-FD0F-4D20-94EC-5897C1AE0DD4}.Debug|Any CPU.Build.0 = Debug|Any CPU
		{0342BEC3-FD0F-4D20-94EC-5897C1AE0DD4}.Debug|x64.ActiveCfg = Debug|Any CPU
		{0342BEC3-FD0F-4D20-94EC-5897C1AE0DD4}.Debug|x64.Build.0 = Debug|Any CPU
		{0342BEC3-FD0F-4D20-94EC-5897C1AE0DD4}.Debug|x86.ActiveCfg = Debug|Any CPU
		{0342BEC3-FD0F-4D20-94EC-5897C1AE0DD4}.Debug|x86.Build.0 = Debug|Any CPU
		{0342BEC3-FD0F-4D20-94EC-5897C1AE0DD4}.Release|Any CPU.ActiveCfg = Release|Any CPU
		{0342BEC3-FD0F-4D20-94EC-5897C1AE0DD4}.Release|Any CPU.Build.0 = Release|Any CPU
		{0342BEC3-FD0F-4D20-94EC-5897C1AE0DD4}.Release|x64.ActiveCfg = Release|Any CPU
		{0342BEC3-FD0F-4D20-94EC-5897C1AE0DD4}.Release|x64.Build.0 = Release|Any CPU
		{0342BEC3-FD0F-4D20-94EC-5897C1AE0DD4}.Release|x86.ActiveCfg = Release|Any CPU
		{0342BEC3-FD0F-4D20-94EC-5897C1AE0DD4}.Release|x86.Build.0 = Release|Any CPU
		{98B75779-1D2C-4EDE-9D72-07FAB088774C}.Debug|Any CPU.ActiveCfg = Debug|Any CPU
		{98B75779-1D2C-4EDE-9D72-07FAB088774C}.Debug|Any CPU.Build.0 = Debug|Any CPU
		{98B75779-1D2C-4EDE-9D72-07FAB088774C}.Debug|x64.ActiveCfg = Debug|Any CPU
		{98B75779-1D2C-4EDE-9D72-07FAB088774C}.Debug|x64.Build.0 = Debug|Any CPU
		{98B75779-1D2C-4EDE-9D72-07FAB088774C}.Debug|x86.ActiveCfg = Debug|Any CPU
		{98B75779-1D2C-4EDE-9D72-07FAB088774C}.Debug|x86.Build.0 = Debug|Any CPU
		{98B75779-1D2C-4EDE-9D72-07FAB088774C}.Release|Any CPU.ActiveCfg = Release|Any CPU
		{98B75779-1D2C-4EDE-9D72-07FAB088774C}.Release|Any CPU.Build.0 = Release|Any CPU
		{98B75779-1D2C-4EDE-9D72-07FAB088774C}.Release|x64.ActiveCfg = Release|Any CPU
		{98B75779-1D2C-4EDE-9D72-07FAB088774C}.Release|x64.Build.0 = Release|Any CPU
		{98B75779-1D2C-4EDE-9D72-07FAB088774C}.Release|x86.ActiveCfg = Release|Any CPU
		{98B75779-1D2C-4EDE-9D72-07FAB088774C}.Release|x86.Build.0 = Release|Any CPU
		{2B35B647-A326-4B98-B5DE-F914DECA3AAF}.Debug|Any CPU.ActiveCfg = Debug|Any CPU
		{2B35B647-A326-4B98-B5DE-F914DECA3AAF}.Debug|Any CPU.Build.0 = Debug|Any CPU
		{2B35B647-A326-4B98-B5DE-F914DECA3AAF}.Debug|x64.ActiveCfg = Debug|Any CPU
		{2B35B647-A326-4B98-B5DE-F914DECA3AAF}.Debug|x64.Build.0 = Debug|Any CPU
		{2B35B647-A326-4B98-B5DE-F914DECA3AAF}.Debug|x86.ActiveCfg = Debug|Any CPU
		{2B35B647-A326-4B98-B5DE-F914DECA3AAF}.Debug|x86.Build.0 = Debug|Any CPU
		{2B35B647-A326-4B98-B5DE-F914DECA3AAF}.Release|Any CPU.ActiveCfg = Release|Any CPU
		{2B35B647-A326-4B98-B5DE-F914DECA3AAF}.Release|Any CPU.Build.0 = Release|Any CPU
		{2B35B647-A326-4B98-B5DE-F914DECA3AAF}.Release|x64.ActiveCfg = Release|Any CPU
		{2B35B647-A326-4B98-B5DE-F914DECA3AAF}.Release|x64.Build.0 = Release|Any CPU
		{2B35B647-A326-4B98-B5DE-F914DECA3AAF}.Release|x86.ActiveCfg = Release|Any CPU
		{2B35B647-A326-4B98-B5DE-F914DECA3AAF}.Release|x86.Build.0 = Release|Any CPU
		{7BCC0B2E-CEB2-4D06-A7C6-E371212241C0}.Debug|Any CPU.ActiveCfg = Debug|Any CPU
		{7BCC0B2E-CEB2-4D06-A7C6-E371212241C0}.Debug|Any CPU.Build.0 = Debug|Any CPU
		{7BCC0B2E-CEB2-4D06-A7C6-E371212241C0}.Debug|x64.ActiveCfg = Debug|Any CPU
		{7BCC0B2E-CEB2-4D06-A7C6-E371212241C0}.Debug|x64.Build.0 = Debug|Any CPU
		{7BCC0B2E-CEB2-4D06-A7C6-E371212241C0}.Debug|x86.ActiveCfg = Debug|Any CPU
		{7BCC0B2E-CEB2-4D06-A7C6-E371212241C0}.Debug|x86.Build.0 = Debug|Any CPU
		{7BCC0B2E-CEB2-4D06-A7C6-E371212241C0}.Release|Any CPU.ActiveCfg = Release|Any CPU
		{7BCC0B2E-CEB2-4D06-A7C6-E371212241C0}.Release|Any CPU.Build.0 = Release|Any CPU
		{7BCC0B2E-CEB2-4D06-A7C6-E371212241C0}.Release|x64.ActiveCfg = Release|Any CPU
		{7BCC0B2E-CEB2-4D06-A7C6-E371212241C0}.Release|x64.Build.0 = Release|Any CPU
		{7BCC0B2E-CEB2-4D06-A7C6-E371212241C0}.Release|x86.ActiveCfg = Release|Any CPU
		{7BCC0B2E-CEB2-4D06-A7C6-E371212241C0}.Release|x86.Build.0 = Release|Any CPU
		{0056FBED-FF2A-419E-B05A-1628EF700B70}.Debug|Any CPU.ActiveCfg = Debug|Any CPU
		{0056FBED-FF2A-419E-B05A-1628EF700B70}.Debug|Any CPU.Build.0 = Debug|Any CPU
		{0056FBED-FF2A-419E-B05A-1628EF700B70}.Debug|x64.ActiveCfg = Debug|Any CPU
		{0056FBED-FF2A-419E-B05A-1628EF700B70}.Debug|x64.Build.0 = Debug|Any CPU
		{0056FBED-FF2A-419E-B05A-1628EF700B70}.Debug|x86.ActiveCfg = Debug|Any CPU
		{0056FBED-FF2A-419E-B05A-1628EF700B70}.Debug|x86.Build.0 = Debug|Any CPU
		{0056FBED-FF2A-419E-B05A-1628EF700B70}.Release|Any CPU.ActiveCfg = Release|Any CPU
		{0056FBED-FF2A-419E-B05A-1628EF700B70}.Release|Any CPU.Build.0 = Release|Any CPU
		{0056FBED-FF2A-419E-B05A-1628EF700B70}.Release|x64.ActiveCfg = Release|Any CPU
		{0056FBED-FF2A-419E-B05A-1628EF700B70}.Release|x64.Build.0 = Release|Any CPU
		{0056FBED-FF2A-419E-B05A-1628EF700B70}.Release|x86.ActiveCfg = Release|Any CPU
		{0056FBED-FF2A-419E-B05A-1628EF700B70}.Release|x86.Build.0 = Release|Any CPU
		{56C34D74-3412-4A2C-8992-713EC29017B9}.Debug|Any CPU.ActiveCfg = Debug|Any CPU
		{56C34D74-3412-4A2C-8992-713EC29017B9}.Debug|Any CPU.Build.0 = Debug|Any CPU
		{56C34D74-3412-4A2C-8992-713EC29017B9}.Debug|x64.ActiveCfg = Debug|Any CPU
		{56C34D74-3412-4A2C-8992-713EC29017B9}.Debug|x64.Build.0 = Debug|Any CPU
		{56C34D74-3412-4A2C-8992-713EC29017B9}.Debug|x86.ActiveCfg = Debug|Any CPU
		{56C34D74-3412-4A2C-8992-713EC29017B9}.Debug|x86.Build.0 = Debug|Any CPU
		{56C34D74-3412-4A2C-8992-713EC29017B9}.Release|Any CPU.ActiveCfg = Release|Any CPU
		{56C34D74-3412-4A2C-8992-713EC29017B9}.Release|Any CPU.Build.0 = Release|Any CPU
		{56C34D74-3412-4A2C-8992-713EC29017B9}.Release|x64.ActiveCfg = Release|Any CPU
		{56C34D74-3412-4A2C-8992-713EC29017B9}.Release|x64.Build.0 = Release|Any CPU
		{56C34D74-3412-4A2C-8992-713EC29017B9}.Release|x86.ActiveCfg = Release|Any CPU
		{56C34D74-3412-4A2C-8992-713EC29017B9}.Release|x86.Build.0 = Release|Any CPU
		{3C614DF2-0581-444F-9005-B42AF2D09F5A}.Debug|Any CPU.ActiveCfg = Debug|Any CPU
		{3C614DF2-0581-444F-9005-B42AF2D09F5A}.Debug|Any CPU.Build.0 = Debug|Any CPU
		{3C614DF2-0581-444F-9005-B42AF2D09F5A}.Debug|x64.ActiveCfg = Debug|Any CPU
		{3C614DF2-0581-444F-9005-B42AF2D09F5A}.Debug|x64.Build.0 = Debug|Any CPU
		{3C614DF2-0581-444F-9005-B42AF2D09F5A}.Debug|x86.ActiveCfg = Debug|Any CPU
		{3C614DF2-0581-444F-9005-B42AF2D09F5A}.Debug|x86.Build.0 = Debug|Any CPU
		{3C614DF2-0581-444F-9005-B42AF2D09F5A}.Release|Any CPU.ActiveCfg = Release|Any CPU
		{3C614DF2-0581-444F-9005-B42AF2D09F5A}.Release|Any CPU.Build.0 = Release|Any CPU
		{3C614DF2-0581-444F-9005-B42AF2D09F5A}.Release|x64.ActiveCfg = Release|Any CPU
		{3C614DF2-0581-444F-9005-B42AF2D09F5A}.Release|x64.Build.0 = Release|Any CPU
		{3C614DF2-0581-444F-9005-B42AF2D09F5A}.Release|x86.ActiveCfg = Release|Any CPU
		{3C614DF2-0581-444F-9005-B42AF2D09F5A}.Release|x86.Build.0 = Release|Any CPU
		{F6F55E38-9C89-40B3-B9F9-ABFB4CD12ACA}.Debug|Any CPU.ActiveCfg = Debug|Any CPU
		{F6F55E38-9C89-40B3-B9F9-ABFB4CD12ACA}.Debug|Any CPU.Build.0 = Debug|Any CPU
		{F6F55E38-9C89-40B3-B9F9-ABFB4CD12ACA}.Debug|x64.ActiveCfg = Debug|Any CPU
		{F6F55E38-9C89-40B3-B9F9-ABFB4CD12ACA}.Debug|x64.Build.0 = Debug|Any CPU
		{F6F55E38-9C89-40B3-B9F9-ABFB4CD12ACA}.Debug|x86.ActiveCfg = Debug|Any CPU
		{F6F55E38-9C89-40B3-B9F9-ABFB4CD12ACA}.Debug|x86.Build.0 = Debug|Any CPU
		{F6F55E38-9C89-40B3-B9F9-ABFB4CD12ACA}.Release|Any CPU.ActiveCfg = Release|Any CPU
		{F6F55E38-9C89-40B3-B9F9-ABFB4CD12ACA}.Release|Any CPU.Build.0 = Release|Any CPU
		{F6F55E38-9C89-40B3-B9F9-ABFB4CD12ACA}.Release|x64.ActiveCfg = Release|Any CPU
		{F6F55E38-9C89-40B3-B9F9-ABFB4CD12ACA}.Release|x64.Build.0 = Release|Any CPU
		{F6F55E38-9C89-40B3-B9F9-ABFB4CD12ACA}.Release|x86.ActiveCfg = Release|Any CPU
		{F6F55E38-9C89-40B3-B9F9-ABFB4CD12ACA}.Release|x86.Build.0 = Release|Any CPU
		{2A538DD2-9B0E-4E51-A25B-976B1045B372}.Debug|Any CPU.ActiveCfg = Debug|Any CPU
		{2A538DD2-9B0E-4E51-A25B-976B1045B372}.Debug|Any CPU.Build.0 = Debug|Any CPU
		{2A538DD2-9B0E-4E51-A25B-976B1045B372}.Debug|x64.ActiveCfg = Debug|Any CPU
		{2A538DD2-9B0E-4E51-A25B-976B1045B372}.Debug|x64.Build.0 = Debug|Any CPU
		{2A538DD2-9B0E-4E51-A25B-976B1045B372}.Debug|x86.ActiveCfg = Debug|Any CPU
		{2A538DD2-9B0E-4E51-A25B-976B1045B372}.Debug|x86.Build.0 = Debug|Any CPU
		{2A538DD2-9B0E-4E51-A25B-976B1045B372}.Release|Any CPU.ActiveCfg = Release|Any CPU
		{2A538DD2-9B0E-4E51-A25B-976B1045B372}.Release|Any CPU.Build.0 = Release|Any CPU
		{2A538DD2-9B0E-4E51-A25B-976B1045B372}.Release|x64.ActiveCfg = Release|Any CPU
		{2A538DD2-9B0E-4E51-A25B-976B1045B372}.Release|x64.Build.0 = Release|Any CPU
		{2A538DD2-9B0E-4E51-A25B-976B1045B372}.Release|x86.ActiveCfg = Release|Any CPU
		{2A538DD2-9B0E-4E51-A25B-976B1045B372}.Release|x86.Build.0 = Release|Any CPU
		{41E2DDBB-CFFC-45C5-941D-F3A6775CB263}.Debug|Any CPU.ActiveCfg = Debug|Any CPU
		{41E2DDBB-CFFC-45C5-941D-F3A6775CB263}.Debug|Any CPU.Build.0 = Debug|Any CPU
		{41E2DDBB-CFFC-45C5-941D-F3A6775CB263}.Debug|x64.ActiveCfg = Debug|Any CPU
		{41E2DDBB-CFFC-45C5-941D-F3A6775CB263}.Debug|x64.Build.0 = Debug|Any CPU
		{41E2DDBB-CFFC-45C5-941D-F3A6775CB263}.Debug|x86.ActiveCfg = Debug|Any CPU
		{41E2DDBB-CFFC-45C5-941D-F3A6775CB263}.Debug|x86.Build.0 = Debug|Any CPU
		{41E2DDBB-CFFC-45C5-941D-F3A6775CB263}.Release|Any CPU.ActiveCfg = Release|Any CPU
		{41E2DDBB-CFFC-45C5-941D-F3A6775CB263}.Release|Any CPU.Build.0 = Release|Any CPU
		{41E2DDBB-CFFC-45C5-941D-F3A6775CB263}.Release|x64.ActiveCfg = Release|Any CPU
		{41E2DDBB-CFFC-45C5-941D-F3A6775CB263}.Release|x64.Build.0 = Release|Any CPU
		{41E2DDBB-CFFC-45C5-941D-F3A6775CB263}.Release|x86.ActiveCfg = Release|Any CPU
		{41E2DDBB-CFFC-45C5-941D-F3A6775CB263}.Release|x86.Build.0 = Release|Any CPU
		{3DE29A8E-2674-4ACB-AD7D-ABC1A041F241}.Debug|Any CPU.ActiveCfg = Debug|Any CPU
		{3DE29A8E-2674-4ACB-AD7D-ABC1A041F241}.Debug|Any CPU.Build.0 = Debug|Any CPU
		{3DE29A8E-2674-4ACB-AD7D-ABC1A041F241}.Debug|x64.ActiveCfg = Debug|Any CPU
		{3DE29A8E-2674-4ACB-AD7D-ABC1A041F241}.Debug|x64.Build.0 = Debug|Any CPU
		{3DE29A8E-2674-4ACB-AD7D-ABC1A041F241}.Debug|x86.ActiveCfg = Debug|Any CPU
		{3DE29A8E-2674-4ACB-AD7D-ABC1A041F241}.Debug|x86.Build.0 = Debug|Any CPU
		{3DE29A8E-2674-4ACB-AD7D-ABC1A041F241}.Release|Any CPU.ActiveCfg = Release|Any CPU
		{3DE29A8E-2674-4ACB-AD7D-ABC1A041F241}.Release|Any CPU.Build.0 = Release|Any CPU
		{3DE29A8E-2674-4ACB-AD7D-ABC1A041F241}.Release|x64.ActiveCfg = Release|Any CPU
		{3DE29A8E-2674-4ACB-AD7D-ABC1A041F241}.Release|x64.Build.0 = Release|Any CPU
		{3DE29A8E-2674-4ACB-AD7D-ABC1A041F241}.Release|x86.ActiveCfg = Release|Any CPU
		{3DE29A8E-2674-4ACB-AD7D-ABC1A041F241}.Release|x86.Build.0 = Release|Any CPU
	EndGlobalSection
	GlobalSection(SolutionProperties) = preSolution
		HideSolutionNode = FALSE
	EndGlobalSection
	GlobalSection(NestedProjects) = preSolution
		{03997797-E7F5-0643-168D-B8EA7178C2FE} = {827E0CD3-B72D-47B6-A68D-7590B98EB39B}
		{26B525A5-65A5-4300-B6BC-A27D479305EC} = {03997797-E7F5-0643-168D-B8EA7178C2FE}
		{984BB9B3-3FA3-BE33-9484-CAC21695A33C} = {827E0CD3-B72D-47B6-A68D-7590B98EB39B}
		{061E9ED9-C396-AD7E-8FB1-7566F161CAA5} = {984BB9B3-3FA3-BE33-9484-CAC21695A33C}
		{69268485-1226-496B-AEFA-40E646BB65C7} = {061E9ED9-C396-AD7E-8FB1-7566F161CAA5}
		{E7F251DA-D4D1-43AF-B985-DD375F6D625F} = {061E9ED9-C396-AD7E-8FB1-7566F161CAA5}
		{40B4A739-ABE5-49A5-8F14-F7AC11A2783B} = {061E9ED9-C396-AD7E-8FB1-7566F161CAA5}
		{58C12370-5ADF-486B-AF1E-3D869305C93E} = {061E9ED9-C396-AD7E-8FB1-7566F161CAA5}
		{1BFC9479-12BF-35C3-06B8-42D89D95092B} = {984BB9B3-3FA3-BE33-9484-CAC21695A33C}
		{AA1BA3BA-5E43-4C51-952B-DF56CA142B7E} = {1BFC9479-12BF-35C3-06B8-42D89D95092B}
		{4DFBB710-6DB9-4D65-BA5C-B9136DE51B05} = {1BFC9479-12BF-35C3-06B8-42D89D95092B}
		{581906AA-F0E7-48A9-871A-A5C19141D1ED} = {1BFC9479-12BF-35C3-06B8-42D89D95092B}
		{E8F32AEF-9A63-4AA1-B3A8-DA18EFCCF712} = {1BFC9479-12BF-35C3-06B8-42D89D95092B}
		{2D55B836-6ADD-8981-BD7A-6DE250A59B0C} = {984BB9B3-3FA3-BE33-9484-CAC21695A33C}
		{EB7D709C-CA92-4A54-8F69-866125510D47} = {2D55B836-6ADD-8981-BD7A-6DE250A59B0C}
		{E30294EC-1285-4BAE-B1CC-FC7602FE6E73} = {2D55B836-6ADD-8981-BD7A-6DE250A59B0C}
		{3CD56BEC-3B25-4CBE-B477-FB515FB5BCF6} = {2D55B836-6ADD-8981-BD7A-6DE250A59B0C}
		{6D53DD92-2209-4A08-9CAB-A85A8FD082AE} = {2D55B836-6ADD-8981-BD7A-6DE250A59B0C}
		{1B799D24-4E0C-B36D-7272-5CBA419C5D60} = {984BB9B3-3FA3-BE33-9484-CAC21695A33C}
		{0342BEC3-FD0F-4D20-94EC-5897C1AE0DD4} = {1B799D24-4E0C-B36D-7272-5CBA419C5D60}
		{98B75779-1D2C-4EDE-9D72-07FAB088774C} = {1B799D24-4E0C-B36D-7272-5CBA419C5D60}
		{2B35B647-A326-4B98-B5DE-F914DECA3AAF} = {1B799D24-4E0C-B36D-7272-5CBA419C5D60}
		{7BCC0B2E-CEB2-4D06-A7C6-E371212241C0} = {1B799D24-4E0C-B36D-7272-5CBA419C5D60}
		{6306A8FB-679E-111F-6585-8F70E0EE6013} = {827E0CD3-B72D-47B6-A68D-7590B98EB39B}
		{0056FBED-FF2A-419E-B05A-1628EF700B70} = {6306A8FB-679E-111F-6585-8F70E0EE6013}
		{90298CBA-BD6F-3A0A-69D5-97CAD7B05E7E} = {827E0CD3-B72D-47B6-A68D-7590B98EB39B}
		{56C34D74-3412-4A2C-8992-713EC29017B9} = {90298CBA-BD6F-3A0A-69D5-97CAD7B05E7E}
		{3C614DF2-0581-444F-9005-B42AF2D09F5A} = {0AB3BF05-4346-4AA6-1389-037BE0695223}
		{F6F55E38-9C89-40B3-B9F9-ABFB4CD12ACA} = {0AB3BF05-4346-4AA6-1389-037BE0695223}
		{2A538DD2-9B0E-4E51-A25B-976B1045B372} = {0AB3BF05-4346-4AA6-1389-037BE0695223}
		{41E2DDBB-CFFC-45C5-941D-F3A6775CB263} = {90298CBA-BD6F-3A0A-69D5-97CAD7B05E7E}
		{3DE29A8E-2674-4ACB-AD7D-ABC1A041F241} = {0AB3BF05-4346-4AA6-1389-037BE0695223}
	EndGlobalSection
EndGlobal
